
Microsoft Visual Studio Solution File, Format Version 12.00
# Visual Studio 2013
VisualStudioVersion = 12.0.31101.0
MinimumVisualStudioVersion = 10.0.40219.1
Project("{FAE04EC0-301F-11D3-BF4B-00C04F79EFBC}") = "HTCDOMAIN", "HTCDOMAIN\HTCDOMAIN.csproj", "{30328C6A-7353-4216-95CC-6B74238DF908}"
EndProject
Project("{F088123C-0E9E-452A-89E6-6BA2F21D5CAC}") = "DomainDiagram", "DomainDiagram\DomainDiagram.modelproj", "{2FEC15A2-36F7-452C-B7A2-B94309BB19A3}"
EndProject
Project("{2150E333-8FDC-42A3-9474-1A3956D46DE8}") = "HTC.DOMAIN", "HTC.DOMAIN", "{D5DABF57-B590-4EBE-9259-744736FF2485}"
EndProject
Project("{2150E333-8FDC-42A3-9474-1A3956D46DE8}") = "HTC.DIAGRAMS", "HTC.DIAGRAMS", "{FFBCCC6D-966E-42A1-9C65-442685683D9C}"
EndProject
Project("{2150E333-8FDC-42A3-9474-1A3956D46DE8}") = "HTC.DAL", "HTC.DAL", "{87B4D3BF-C86D-4C49-86CB-8BB4F04C68DC}"
EndProject
Project("{FAE04EC0-301F-11D3-BF4B-00C04F79EFBC}") = "HTC.DAL", "HTC.DAL\HTC.DAL.csproj", "{082F1907-6B26-4B0C-B5E7-36AC987B6741}"
EndProject
Project("{FAE04EC0-301F-11D3-BF4B-00C04F79EFBC}") = "HTC.DAL.EF", "HTC.DAL.EF\HTC.DAL.EF.csproj", "{2DEED4D1-7363-4970-B4DB-FB35E1618308}"
EndProject
Project("{FAE04EC0-301F-11D3-BF4B-00C04F79EFBC}") = "HTCWPF", "HTCWPF\HTCWPF.csproj", "{80810244-18A3-467B-A86D-13A4590ECFAA}"
EndProject
Project("{FAE04EC0-301F-11D3-BF4B-00C04F79EFBC}") = "HTCSERVICES", "HTCSERVICES\HTCSERVICES.csproj", "{73D9FAD3-60A5-461F-938A-F8FDCD982CEC}"
EndProject
Project("{FAE04EC0-301F-11D3-BF4B-00C04F79EFBC}") = "HTCUT", "HTCUT\HTCUT.csproj", "{99759467-1999-4EBF-A1AB-7551DA896EAC}"
EndProject
Project("{FAE04EC0-301F-11D3-BF4B-00C04F79EFBC}") = "ConsolToHelp", "ConsolToHelp\ConsolToHelp.csproj", "{4B35BE3E-F831-4575-8D9B-4CCFB9BA09B2}"
EndProject
Global
	GlobalSection(SolutionConfigurationPlatforms) = preSolution
		Debug|Any CPU = Debug|Any CPU
		Release|Any CPU = Release|Any CPU
	EndGlobalSection
	GlobalSection(ProjectConfigurationPlatforms) = postSolution
		{30328C6A-7353-4216-95CC-6B74238DF908}.Debug|Any CPU.ActiveCfg = Debug|Any CPU
		{30328C6A-7353-4216-95CC-6B74238DF908}.Debug|Any CPU.Build.0 = Debug|Any CPU
		{30328C6A-7353-4216-95CC-6B74238DF908}.Release|Any CPU.ActiveCfg = Release|Any CPU
		{30328C6A-7353-4216-95CC-6B74238DF908}.Release|Any CPU.Build.0 = Release|Any CPU
		{2FEC15A2-36F7-452C-B7A2-B94309BB19A3}.Debug|Any CPU.ActiveCfg = Debug|Any CPU
		{2FEC15A2-36F7-452C-B7A2-B94309BB19A3}.Debug|Any CPU.Build.0 = Debug|Any CPU
		{2FEC15A2-36F7-452C-B7A2-B94309BB19A3}.Release|Any CPU.ActiveCfg = Release|Any CPU
		{2FEC15A2-36F7-452C-B7A2-B94309BB19A3}.Release|Any CPU.Build.0 = Release|Any CPU
		{082F1907-6B26-4B0C-B5E7-36AC987B6741}.Debug|Any CPU.ActiveCfg = Debug|Any CPU
		{082F1907-6B26-4B0C-B5E7-36AC987B6741}.Debug|Any CPU.Build.0 = Debug|Any CPU
		{082F1907-6B26-4B0C-B5E7-36AC987B6741}.Release|Any CPU.ActiveCfg = Release|Any CPU
		{082F1907-6B26-4B0C-B5E7-36AC987B6741}.Release|Any CPU.Build.0 = Release|Any CPU
		{2DEED4D1-7363-4970-B4DB-FB35E1618308}.Debug|Any CPU.ActiveCfg = Debug|Any CPU
		{2DEED4D1-7363-4970-B4DB-FB35E1618308}.Debug|Any CPU.Build.0 = Debug|Any CPU
		{2DEED4D1-7363-4970-B4DB-FB35E1618308}.Release|Any CPU.ActiveCfg = Release|Any CPU
		{2DEED4D1-7363-4970-B4DB-FB35E1618308}.Release|Any CPU.Build.0 = Release|Any CPU
		{80810244-18A3-467B-A86D-13A4590ECFAA}.Debug|Any CPU.ActiveCfg = Debug|Any CPU
		{80810244-18A3-467B-A86D-13A4590ECFAA}.Debug|Any CPU.Build.0 = Debug|Any CPU
		{80810244-18A3-467B-A86D-13A4590ECFAA}.Release|Any CPU.ActiveCfg = Release|Any CPU
		{80810244-18A3-467B-A86D-13A4590ECFAA}.Release|Any CPU.Build.0 = Release|Any CPU
		{73D9FAD3-60A5-461F-938A-F8FDCD982CEC}.Debug|Any CPU.ActiveCfg = Debug|Any CPU
		{73D9FAD3-60A5-461F-938A-F8FDCD982CEC}.Debug|Any CPU.Build.0 = Debug|Any CPU
		{73D9FAD3-60A5-461F-938A-F8FDCD982CEC}.Release|Any CPU.ActiveCfg = Release|Any CPU
		{73D9FAD3-60A5-461F-938A-F8FDCD982CEC}.Release|Any CPU.Build.0 = Release|Any CPU
		{99759467-1999-4EBF-A1AB-7551DA896EAC}.Debug|Any CPU.ActiveCfg = Debug|Any CPU
		{99759467-1999-4EBF-A1AB-7551DA896EAC}.Debug|Any CPU.Build.0 = Debug|Any CPU
		{99759467-1999-4EBF-A1AB-7551DA896EAC}.Release|Any CPU.ActiveCfg = Release|Any CPU
		{99759467-1999-4EBF-A1AB-7551DA896EAC}.Release|Any CPU.Build.0 = Release|Any CPU
		{4B35BE3E-F831-4575-8D9B-4CCFB9BA09B2}.Debug|Any CPU.ActiveCfg = Debug|Any CPU
		{4B35BE3E-F831-4575-8D9B-4CCFB9BA09B2}.Debug|Any CPU.Build.0 = Debug|Any CPU
		{4B35BE3E-F831-4575-8D9B-4CCFB9BA09B2}.Release|Any CPU.ActiveCfg = Release|Any CPU
		{4B35BE3E-F831-4575-8D9B-4CCFB9BA09B2}.Release|Any CPU.Build.0 = Release|Any CPU
	EndGlobalSection
	GlobalSection(SolutionProperties) = preSolution
		HideSolutionNode = FALSE
	EndGlobalSection
	GlobalSection(NestedProjects) = preSolution
		{30328C6A-7353-4216-95CC-6B74238DF908} = {D5DABF57-B590-4EBE-9259-744736FF2485}
		{2FEC15A2-36F7-452C-B7A2-B94309BB19A3} = {FFBCCC6D-966E-42A1-9C65-442685683D9C}
		{082F1907-6B26-4B0C-B5E7-36AC987B6741} = {87B4D3BF-C86D-4C49-86CB-8BB4F04C68DC}
		{2DEED4D1-7363-4970-B4DB-FB35E1618308} = {87B4D3BF-C86D-4C49-86CB-8BB4F04C68DC}
	EndGlobalSection
EndGlobal
